
Microsoft Visual Studio Solution File, Format Version 12.00
# Visual Studio Version 16
VisualStudioVersion = 16.0.29123.88
MinimumVisualStudioVersion = 10.0.40219.1
Project("{FAE04EC0-301F-11D3-BF4B-00C04F79EFBC}") = "RiderPlugin.EnhancedUnrealEngineDocumentation", "src\dotnet\RiderPlugin.EnhancedUnrealEngineDocumentation\RiderPlugin.EnhancedUnrealEngineDocumentation.csproj", "{084172D1-A9C6-46D0-96AD-05C5B09A5E5D}"
EndProject
Project("{2150E333-8FDC-42A3-9474-1A3956D46DE8}") = "misc", "misc", "{4A9ABB95-3762-448B-B5BF-099E46DB22DE}"
	ProjectSection(SolutionItems) = preProject
		CHANGELOG.md = CHANGELOG.md
		src\dotnet\Plugin.props = src\dotnet\Plugin.props
		src\rider\main\resources\META-INF\plugin.xml = src\rider\main\resources\META-INF\plugin.xml
		README.md = README.md
	EndProjectSection
EndProject
Project("{FAE04EC0-301F-11D3-BF4B-00C04F79EFBC}") = "CheckYamlParsing", "src\dotnet\CheckYamlParsing\CheckYamlParsing.csproj", "{2E838C78-6128-4EB4-A08F-C6FA0FF59262}"
EndProject
Project("{FAE04EC0-301F-11D3-BF4B-00C04F79EFBC}") = "YamlDocsParsing", "src\dotnet\YamlDocsParsing\YamlDocsParsing.csproj", "{E8BA39A1-AD4A-44EF-8D05-6DD6F716750E}"
EndProject
Global
	GlobalSection(SolutionConfigurationPlatforms) = preSolution
		Debug|Any CPU = Debug|Any CPU
		Release|Any CPU = Release|Any CPU
	EndGlobalSection
	GlobalSection(ProjectConfigurationPlatforms) = postSolution
		{084172D1-A9C6-46D0-96AD-05C5B09A5E5D}.Debug|Any CPU.ActiveCfg = Debug|Any CPU
		{084172D1-A9C6-46D0-96AD-05C5B09A5E5D}.Debug|Any CPU.Build.0 = Debug|Any CPU
		{084172D1-A9C6-46D0-96AD-05C5B09A5E5D}.Release|Any CPU.ActiveCfg = Release|Any CPU
		{084172D1-A9C6-46D0-96AD-05C5B09A5E5D}.Release|Any CPU.Build.0 = Release|Any CPU
		{2E838C78-6128-4EB4-A08F-C6FA0FF59262}.Debug|Any CPU.ActiveCfg = Debug|Any CPU
		{2E838C78-6128-4EB4-A08F-C6FA0FF59262}.Debug|Any CPU.Build.0 = Debug|Any CPU
		{2E838C78-6128-4EB4-A08F-C6FA0FF59262}.Release|Any CPU.ActiveCfg = Release|Any CPU
		{2E838C78-6128-4EB4-A08F-C6FA0FF59262}.Release|Any CPU.Build.0 = Release|Any CPU
		{E8BA39A1-AD4A-44EF-8D05-6DD6F716750E}.Debug|Any CPU.ActiveCfg = Debug|Any CPU
		{E8BA39A1-AD4A-44EF-8D05-6DD6F716750E}.Debug|Any CPU.Build.0 = Debug|Any CPU
		{E8BA39A1-AD4A-44EF-8D05-6DD6F716750E}.Release|Any CPU.ActiveCfg = Release|Any CPU
		{E8BA39A1-AD4A-44EF-8D05-6DD6F716750E}.Release|Any CPU.Build.0 = Release|Any CPU
	EndGlobalSection
	GlobalSection(SolutionProperties) = preSolution
		HideSolutionNode = FALSE
	EndGlobalSection
	GlobalSection(ExtensibilityGlobals) = postSolution
		SolutionGuid = {AE34A340-CA1E-400F-9367-864EEF8033C7}
	EndGlobalSection
EndGlobal
